
Microsoft Visual Studio Solution File, Format Version 12.00
# Visual Studio 15
VisualStudioVersion = 15.0.28307.329
MinimumVisualStudioVersion = 10.0.40219.1
Project("{FAE04EC0-301F-11D3-BF4B-00C04F79EFBC}") = "CarControl", "CarControl\CarControl.csproj", "{89DCACDD-5CB4-42AE-A67C-9C99273912EC}"
EndProject
Global
	GlobalSection(SolutionConfigurationPlatforms) = preSolution
		Debug|Any CPU = Debug|Any CPU
		Release|Any CPU = Release|Any CPU
	EndGlobalSection
	GlobalSection(ProjectConfigurationPlatforms) = postSolution
		{89DCACDD-5CB4-42AE-A67C-9C99273912EC}.Debug|Any CPU.ActiveCfg = Debug|Any CPU
		{89DCACDD-5CB4-42AE-A67C-9C99273912EC}.Debug|Any CPU.Build.0 = Debug|Any CPU
		{89DCACDD-5CB4-42AE-A67C-9C99273912EC}.Release|Any CPU.ActiveCfg = Release|Any CPU
		{89DCACDD-5CB4-42AE-A67C-9C99273912EC}.Release|Any CPU.Build.0 = Release|Any CPU
	EndGlobalSection
	GlobalSection(SolutionProperties) = preSolution
		HideSolutionNode = FALSE
	EndGlobalSection
	GlobalSection(ExtensibilityGlobals) = postSolution
		SolutionGuid = {DBDEB122-7EA7-4CFE-8A73-9EEC5950AA9A}
	EndGlobalSection
EndGlobal
